
Microsoft Visual Studio Solution File, Format Version 12.00
# Visual Studio Version 18
VisualStudioVersion = 18.3.11222.16 d18.3
MinimumVisualStudioVersion = 10.0.40219.1
Project("{FAE04EC0-301F-11D3-BF4B-00C04F79EFBC}") = "PlutoFramework", "PlutoFramework\PlutoFramework\PlutoFramework.csproj", "{9FDC953E-9BAB-F54E-E986-128C15FAE91D}"
EndProject
Project("{FAE04EC0-301F-11D3-BF4B-00C04F79EFBC}") = "PlutoFrameworkTests", "PlutoFramework\PlutoFrameworkTests\PlutoFrameworkTests.csproj", "{D6F04A0E-76E5-7238-CFA2-EFAE1B123301}"
EndProject
Project("{FAE04EC0-301F-11D3-BF4B-00C04F79EFBC}") = "UniqueryPlus", "PlutoFramework\UniqueryPlus\UniqueryPlus.csproj", "{690A4D26-67AD-303D-A860-DE3DFD594A2E}"
EndProject
Project("{2150E333-8FDC-42A3-9474-1A3956D46DE8}") = "Generated", "Generated", "{02EA681E-C7D8-13C7-8484-4AC65E1B71E8}"
EndProject
Project("{FAE04EC0-301F-11D3-BF4B-00C04F79EFBC}") = "Bajun.NetApi", "PlutoFramework\Generated\Bajun\Bajun.NetApi\Bajun.NetApi.csproj", "{AAF51E30-F642-0B46-B113-A4EBEDEB62DC}"
EndProject
Project("{FAE04EC0-301F-11D3-BF4B-00C04F79EFBC}") = "Hydration.NetApi", "PlutoFramework\Generated\Hydration\Hydration.NetApi\Hydration.NetApi.csproj", "{2E42AE8B-D20A-2502-45BD-11700A851950}"
EndProject
Project("{FAE04EC0-301F-11D3-BF4B-00C04F79EFBC}") = "InvArch.NetApi", "PlutoFramework\Generated\InvArch\InvArch.NetApi\InvArch.NetApi.csproj", "{56AB7B1C-AC9E-8BE8-DF94-9E4BAE363618}"
EndProject
Project("{FAE04EC0-301F-11D3-BF4B-00C04F79EFBC}") = "Kilt.NetApi", "PlutoFramework\Generated\Kilt\Kilt.NetApi\Kilt.NetApi.csproj", "{4B19374B-ECC7-8B94-52E4-771732A58EBF}"
EndProject
Project("{FAE04EC0-301F-11D3-BF4B-00C04F79EFBC}") = "KusamaAssetHub.NetApi", "PlutoFramework\Generated\KusamaAssetHub\KusamaAssetHub.NetApi\KusamaAssetHub.NetApi.csproj", "{D8FAA4EF-1FFC-9950-620B-9C2881CD5A04}"
EndProject
Project("{FAE04EC0-301F-11D3-BF4B-00C04F79EFBC}") = "Mythos.NetApi", "PlutoFramework\Generated\Mythos\Mythos.NetApi\Mythos.NetApi.csproj", "{647D8914-10E0-F61D-39D2-A719FE73DF91}"
EndProject
Project("{FAE04EC0-301F-11D3-BF4B-00C04F79EFBC}") = "Opal.NetApi", "PlutoFramework\Generated\Opal\Opal.NetApi\Opal.NetApi.csproj", "{54D6A48F-56EB-D5FB-37B1-CA97056C85A9}"
EndProject
Project("{FAE04EC0-301F-11D3-BF4B-00C04F79EFBC}") = "Polkadot.NetApi", "PlutoFramework\Generated\Polkadot\Polkadot.NetApi\Polkadot.NetApi.csproj", "{68D4850D-8463-1436-AD5F-25BF8A6E1CFB}"
EndProject
Project("{FAE04EC0-301F-11D3-BF4B-00C04F79EFBC}") = "PolkadotAssetHub.NetApi", "PlutoFramework\Generated\PolkadotAssetHub\PolkadotAssetHub.NetApi\PolkadotAssetHub.NetApi.csproj", "{8AFE49F8-573B-AA1A-EB0B-103735DEDC79}"
EndProject
Project("{FAE04EC0-301F-11D3-BF4B-00C04F79EFBC}") = "PolkadotPeople.NetApi", "PlutoFramework\Generated\PolkadotPeople\PolkadotPeople.NetApi\PolkadotPeople.NetApi.csproj", "{C4A90C61-ED5A-7FF4-AE5A-908F1B086688}"
EndProject
Project("{FAE04EC0-301F-11D3-BF4B-00C04F79EFBC}") = "Unique.NetApi", "PlutoFramework\Generated\Unique\Unique.NetApi\Unique.NetApi.csproj", "{5F36DB3E-0263-9EED-D1B2-682CBBF72347}"
EndProject
Project("{FAE04EC0-301F-11D3-BF4B-00C04F79EFBC}") = "XcavatePaseo.NetApi", "PlutoFramework\Generated\XcavatePaseo\XcavatePaseo.NetApi\XcavatePaseo.NetApi.csproj", "{BFF4F047-ADF0-3D7B-414A-D678A2D0987D}"
EndProject
Project("{2150E333-8FDC-42A3-9474-1A3956D46DE8}") = "Indexers", "Indexers", "{B3A9988C-133C-4860-B916-49DA10922F6D}"
EndProject
Project("{FAE04EC0-301F-11D3-BF4B-00C04F79EFBC}") = "UniqueryPlus.OpalSubquery", "PlutoFramework\Indexers\UniqueryPlus.OpalSubquery\UniqueryPlus.OpalSubquery.csproj", "{9FB07342-6740-E89E-408A-C764CE20ACD3}"
EndProject
Project("{FAE04EC0-301F-11D3-BF4B-00C04F79EFBC}") = "UniqueryPlus.UniqueSubquery", "PlutoFramework\Indexers\UniqueryPlus.UniqueSubquery\UniqueryPlus.UniqueSubquery.csproj", "{0947250F-1C3E-8D72-32E3-871C104AE33C}"
EndProject
Project("{FAE04EC0-301F-11D3-BF4B-00C04F79EFBC}") = "XcavateSubquery", "PlutoFramework\Indexers\XcavateSubquery\XcavateSubquery.csproj", "{3FCC1BD1-D117-FD58-5C69-D6FE2CDE4F6E}"
EndProject
Project("{FAE04EC0-301F-11D3-BF4B-00C04F79EFBC}") = "UniqueryPlus.Speck", "PlutoFramework\Indexers\Speck\UniqueryPlus.Speck.csproj", "{4F31B65D-47CF-49F7-B227-2E8B888D023B}"
EndProject
Project("{FAE04EC0-301F-11D3-BF4B-00C04F79EFBC}") = "UniqueryPlus.Stick", "PlutoFramework\Indexers\Stick\UniqueryPlus.Stick.csproj", "{E933DFBE-2865-3C58-2184-03140A51A5FE}"
EndProject
Project("{FAE04EC0-301F-11D3-BF4B-00C04F79EFBC}") = "BifrostPolkadot.NetApi", "plutoframework\Generated\BifrostPolkadot\BifrostPolkadot.NetApi\BifrostPolkadot.NetApi.csproj", "{FECA10B0-A0E1-3C5F-671B-EDFF56C517DF}"
EndProject
Project("{FAE04EC0-301F-11D3-BF4B-00C04F79EFBC}") = "PolkadotRoots", "PolkadotRoots\PolkadotRoots.csproj", "{7CAE0F30-313F-8039-9C15-DE6FF3CF7FEB}"
EndProject
Project("{FAE04EC0-301F-11D3-BF4B-00C04F79EFBC}") = "PlutoFrameworkCore", "plutoframework\PlutoFrameworkCore\PlutoFrameworkCore.csproj", "{A4A93B96-8D3B-64DF-2154-BE676CBBDCC9}"
EndProject
Project("{FAE04EC0-301F-11D3-BF4B-00C04F79EFBC}") = "CommunityCore", "CommunityCore\CommunityCore.csproj", "{8B495F0D-2822-4DE3-8420-4090C346777C}"
EndProject
Project("{2150E333-8FDC-42A3-9474-1A3956D46DE8}") = "Solution Items", "Solution Items", "{8EC462FD-D22E-90A8-E5CE-7E832BA40C5D}"
EndProject
Project("{FAE04EC0-301F-11D3-BF4B-00C04F79EFBC}") = "CommunityTests", "CommunityTests\CommunityTests.csproj", "{C6A49778-DC89-A0AD-422A-1DDA3D881CF6}"
EndProject
Project("{FAE04EC0-301F-11D3-BF4B-00C04F79EFBC}") = "UniqueryPlusTests", "plutoframework\UniqueryPlusTests\UniqueryPlusTests.csproj", "{5B3B4E62-6690-F7CA-3ED0-197CD2AF5C70}"
EndProject
Project("{FAE04EC0-301F-11D3-BF4B-00C04F79EFBC}") = "UITests", "UITests\UITests.csproj", "{2FCDA447-D604-B697-541D-BCDFF5B2DCEF}"
EndProject
Global
	GlobalSection(SolutionConfigurationPlatforms) = preSolution
		Debug|Any CPU = Debug|Any CPU
		Release|Any CPU = Release|Any CPU
	EndGlobalSection
	GlobalSection(ProjectConfigurationPlatforms) = postSolution
		{9FDC953E-9BAB-F54E-E986-128C15FAE91D}.Debug|Any CPU.ActiveCfg = Debug|Any CPU
		{9FDC953E-9BAB-F54E-E986-128C15FAE91D}.Debug|Any CPU.Build.0 = Debug|Any CPU
		{9FDC953E-9BAB-F54E-E986-128C15FAE91D}.Release|Any CPU.ActiveCfg = Release|Any CPU
		{9FDC953E-9BAB-F54E-E986-128C15FAE91D}.Release|Any CPU.Build.0 = Release|Any CPU
		{D6F04A0E-76E5-7238-CFA2-EFAE1B123301}.Debug|Any CPU.ActiveCfg = Debug|Any CPU
		{D6F04A0E-76E5-7238-CFA2-EFAE1B123301}.Debug|Any CPU.Build.0 = Debug|Any CPU
		{D6F04A0E-76E5-7238-CFA2-EFAE1B123301}.Release|Any CPU.ActiveCfg = Release|Any CPU
		{D6F04A0E-76E5-7238-CFA2-EFAE1B123301}.Release|Any CPU.Build.0 = Release|Any CPU
		{690A4D26-67AD-303D-A860-DE3DFD594A2E}.Debug|Any CPU.ActiveCfg = Debug|Any CPU
		{690A4D26-67AD-303D-A860-DE3DFD594A2E}.Debug|Any CPU.Build.0 = Debug|Any CPU
		{690A4D26-67AD-303D-A860-DE3DFD594A2E}.Release|Any CPU.ActiveCfg = Release|Any CPU
		{690A4D26-67AD-303D-A860-DE3DFD594A2E}.Release|Any CPU.Build.0 = Release|Any CPU
		{AAF51E30-F642-0B46-B113-A4EBEDEB62DC}.Debug|Any CPU.ActiveCfg = Debug|Any CPU
		{AAF51E30-F642-0B46-B113-A4EBEDEB62DC}.Debug|Any CPU.Build.0 = Debug|Any CPU
		{AAF51E30-F642-0B46-B113-A4EBEDEB62DC}.Release|Any CPU.ActiveCfg = Release|Any CPU
		{AAF51E30-F642-0B46-B113-A4EBEDEB62DC}.Release|Any CPU.Build.0 = Release|Any CPU
		{2E42AE8B-D20A-2502-45BD-11700A851950}.Debug|Any CPU.ActiveCfg = Debug|Any CPU
		{2E42AE8B-D20A-2502-45BD-11700A851950}.Debug|Any CPU.Build.0 = Debug|Any CPU
		{2E42AE8B-D20A-2502-45BD-11700A851950}.Release|Any CPU.ActiveCfg = Release|Any CPU
		{2E42AE8B-D20A-2502-45BD-11700A851950}.Release|Any CPU.Build.0 = Release|Any CPU
		{56AB7B1C-AC9E-8BE8-DF94-9E4BAE363618}.Debug|Any CPU.ActiveCfg = Debug|Any CPU
		{56AB7B1C-AC9E-8BE8-DF94-9E4BAE363618}.Debug|Any CPU.Build.0 = Debug|Any CPU
		{56AB7B1C-AC9E-8BE8-DF94-9E4BAE363618}.Release|Any CPU.ActiveCfg = Release|Any CPU
		{56AB7B1C-AC9E-8BE8-DF94-9E4BAE363618}.Release|Any CPU.Build.0 = Release|Any CPU
		{4B19374B-ECC7-8B94-52E4-771732A58EBF}.Debug|Any CPU.ActiveCfg = Debug|Any CPU
		{4B19374B-ECC7-8B94-52E4-771732A58EBF}.Debug|Any CPU.Build.0 = Debug|Any CPU
		{4B19374B-ECC7-8B94-52E4-771732A58EBF}.Release|Any CPU.ActiveCfg = Release|Any CPU
		{4B19374B-ECC7-8B94-52E4-771732A58EBF}.Release|Any CPU.Build.0 = Release|Any CPU
		{D8FAA4EF-1FFC-9950-620B-9C2881CD5A04}.Debug|Any CPU.ActiveCfg = Debug|Any CPU
		{D8FAA4EF-1FFC-9950-620B-9C2881CD5A04}.Debug|Any CPU.Build.0 = Debug|Any CPU
		{D8FAA4EF-1FFC-9950-620B-9C2881CD5A04}.Release|Any CPU.ActiveCfg = Release|Any CPU
		{D8FAA4EF-1FFC-9950-620B-9C2881CD5A04}.Release|Any CPU.Build.0 = Release|Any CPU
		{647D8914-10E0-F61D-39D2-A719FE73DF91}.Debug|Any CPU.ActiveCfg = Debug|Any CPU
		{647D8914-10E0-F61D-39D2-A719FE73DF91}.Debug|Any CPU.Build.0 = Debug|Any CPU
		{647D8914-10E0-F61D-39D2-A719FE73DF91}.Release|Any CPU.ActiveCfg = Release|Any CPU
		{647D8914-10E0-F61D-39D2-A719FE73DF91}.Release|Any CPU.Build.0 = Release|Any CPU
		{54D6A48F-56EB-D5FB-37B1-CA97056C85A9}.Debug|Any CPU.ActiveCfg = Debug|Any CPU
		{54D6A48F-56EB-D5FB-37B1-CA97056C85A9}.Debug|Any CPU.Build.0 = Debug|Any CPU
		{54D6A48F-56EB-D5FB-37B1-CA97056C85A9}.Release|Any CPU.ActiveCfg = Release|Any CPU
		{54D6A48F-56EB-D5FB-37B1-CA97056C85A9}.Release|Any CPU.Build.0 = Release|Any CPU
		{68D4850D-8463-1436-AD5F-25BF8A6E1CFB}.Debug|Any CPU.ActiveCfg = Debug|Any CPU
		{68D4850D-8463-1436-AD5F-25BF8A6E1CFB}.Debug|Any CPU.Build.0 = Debug|Any CPU
		{68D4850D-8463-1436-AD5F-25BF8A6E1CFB}.Release|Any CPU.ActiveCfg = Release|Any CPU
		{68D4850D-8463-1436-AD5F-25BF8A6E1CFB}.Release|Any CPU.Build.0 = Release|Any CPU
		{8AFE49F8-573B-AA1A-EB0B-103735DEDC79}.Debug|Any CPU.ActiveCfg = Debug|Any CPU
		{8AFE49F8-573B-AA1A-EB0B-103735DEDC79}.Debug|Any CPU.Build.0 = Debug|Any CPU
		{8AFE49F8-573B-AA1A-EB0B-103735DEDC79}.Release|Any CPU.ActiveCfg = Release|Any CPU
		{8AFE49F8-573B-AA1A-EB0B-103735DEDC79}.Release|Any CPU.Build.0 = Release|Any CPU
		{C4A90C61-ED5A-7FF4-AE5A-908F1B086688}.Debug|Any CPU.ActiveCfg = Debug|Any CPU
		{C4A90C61-ED5A-7FF4-AE5A-908F1B086688}.Debug|Any CPU.Build.0 = Debug|Any CPU
		{C4A90C61-ED5A-7FF4-AE5A-908F1B086688}.Release|Any CPU.ActiveCfg = Release|Any CPU
		{C4A90C61-ED5A-7FF4-AE5A-908F1B086688}.Release|Any CPU.Build.0 = Release|Any CPU
		{5F36DB3E-0263-9EED-D1B2-682CBBF72347}.Debug|Any CPU.ActiveCfg = Debug|Any CPU
		{5F36DB3E-0263-9EED-D1B2-682CBBF72347}.Debug|Any CPU.Build.0 = Debug|Any CPU
		{5F36DB3E-0263-9EED-D1B2-682CBBF72347}.Release|Any CPU.ActiveCfg = Release|Any CPU
		{5F36DB3E-0263-9EED-D1B2-682CBBF72347}.Release|Any CPU.Build.0 = Release|Any CPU
		{BFF4F047-ADF0-3D7B-414A-D678A2D0987D}.Debug|Any CPU.ActiveCfg = Debug|Any CPU
		{BFF4F047-ADF0-3D7B-414A-D678A2D0987D}.Debug|Any CPU.Build.0 = Debug|Any CPU
		{BFF4F047-ADF0-3D7B-414A-D678A2D0987D}.Release|Any CPU.ActiveCfg = Release|Any CPU
		{BFF4F047-ADF0-3D7B-414A-D678A2D0987D}.Release|Any CPU.Build.0 = Release|Any CPU
		{9FB07342-6740-E89E-408A-C764CE20ACD3}.Debug|Any CPU.ActiveCfg = Debug|Any CPU
		{9FB07342-6740-E89E-408A-C764CE20ACD3}.Debug|Any CPU.Build.0 = Debug|Any CPU
		{9FB07342-6740-E89E-408A-C764CE20ACD3}.Release|Any CPU.ActiveCfg = Release|Any CPU
		{9FB07342-6740-E89E-408A-C764CE20ACD3}.Release|Any CPU.Build.0 = Release|Any CPU
		{0947250F-1C3E-8D72-32E3-871C104AE33C}.Debug|Any CPU.ActiveCfg = Debug|Any CPU
		{0947250F-1C3E-8D72-32E3-871C104AE33C}.Debug|Any CPU.Build.0 = Debug|Any CPU
		{0947250F-1C3E-8D72-32E3-871C104AE33C}.Release|Any CPU.ActiveCfg = Release|Any CPU
		{0947250F-1C3E-8D72-32E3-871C104AE33C}.Release|Any CPU.Build.0 = Release|Any CPU
		{3FCC1BD1-D117-FD58-5C69-D6FE2CDE4F6E}.Debug|Any CPU.ActiveCfg = Debug|Any CPU
		{3FCC1BD1-D117-FD58-5C69-D6FE2CDE4F6E}.Debug|Any CPU.Build.0 = Debug|Any CPU
		{3FCC1BD1-D117-FD58-5C69-D6FE2CDE4F6E}.Release|Any CPU.ActiveCfg = Release|Any CPU
		{3FCC1BD1-D117-FD58-5C69-D6FE2CDE4F6E}.Release|Any CPU.Build.0 = Release|Any CPU
		{4F31B65D-47CF-49F7-B227-2E8B888D023B}.Debug|Any CPU.ActiveCfg = Debug|Any CPU
		{4F31B65D-47CF-49F7-B227-2E8B888D023B}.Debug|Any CPU.Build.0 = Debug|Any CPU
		{4F31B65D-47CF-49F7-B227-2E8B888D023B}.Release|Any CPU.ActiveCfg = Release|Any CPU
		{4F31B65D-47CF-49F7-B227-2E8B888D023B}.Release|Any CPU.Build.0 = Release|Any CPU
		{E933DFBE-2865-3C58-2184-03140A51A5FE}.Debug|Any CPU.ActiveCfg = Debug|Any CPU
		{E933DFBE-2865-3C58-2184-03140A51A5FE}.Debug|Any CPU.Build.0 = Debug|Any CPU
		{E933DFBE-2865-3C58-2184-03140A51A5FE}.Release|Any CPU.ActiveCfg = Release|Any CPU
		{E933DFBE-2865-3C58-2184-03140A51A5FE}.Release|Any CPU.Build.0 = Release|Any CPU
		{FECA10B0-A0E1-3C5F-671B-EDFF56C517DF}.Debug|Any CPU.ActiveCfg = Debug|Any CPU
		{FECA10B0-A0E1-3C5F-671B-EDFF56C517DF}.Debug|Any CPU.Build.0 = Debug|Any CPU
		{FECA10B0-A0E1-3C5F-671B-EDFF56C517DF}.Release|Any CPU.ActiveCfg = Release|Any CPU
		{FECA10B0-A0E1-3C5F-671B-EDFF56C517DF}.Release|Any CPU.Build.0 = Release|Any CPU
		{7CAE0F30-313F-8039-9C15-DE6FF3CF7FEB}.Debug|Any CPU.ActiveCfg = Debug|Any CPU
		{7CAE0F30-313F-8039-9C15-DE6FF3CF7FEB}.Debug|Any CPU.Build.0 = Debug|Any CPU
		{7CAE0F30-313F-8039-9C15-DE6FF3CF7FEB}.Debug|Any CPU.Deploy.0 = Debug|Any CPU
		{7CAE0F30-313F-8039-9C15-DE6FF3CF7FEB}.Release|Any CPU.ActiveCfg = Release|Any CPU
		{7CAE0F30-313F-8039-9C15-DE6FF3CF7FEB}.Release|Any CPU.Build.0 = Release|Any CPU
		{A4A93B96-8D3B-64DF-2154-BE676CBBDCC9}.Debug|Any CPU.ActiveCfg = Debug|Any CPU
		{A4A93B96-8D3B-64DF-2154-BE676CBBDCC9}.Debug|Any CPU.Build.0 = Debug|Any CPU
		{A4A93B96-8D3B-64DF-2154-BE676CBBDCC9}.Release|Any CPU.ActiveCfg = Release|Any CPU
		{A4A93B96-8D3B-64DF-2154-BE676CBBDCC9}.Release|Any CPU.Build.0 = Release|Any CPU
		{8B495F0D-2822-4DE3-8420-4090C346777C}.Debug|Any CPU.ActiveCfg = Debug|Any CPU
		{8B495F0D-2822-4DE3-8420-4090C346777C}.Debug|Any CPU.Build.0 = Debug|Any CPU
		{8B495F0D-2822-4DE3-8420-4090C346777C}.Release|Any CPU.ActiveCfg = Release|Any CPU
		{8B495F0D-2822-4DE3-8420-4090C346777C}.Release|Any CPU.Build.0 = Release|Any CPU
		{C6A49778-DC89-A0AD-422A-1DDA3D881CF6}.Debug|Any CPU.ActiveCfg = Debug|Any CPU
		{C6A49778-DC89-A0AD-422A-1DDA3D881CF6}.Debug|Any CPU.Build.0 = Debug|Any CPU
		{C6A49778-DC89-A0AD-422A-1DDA3D881CF6}.Release|Any CPU.ActiveCfg = Release|Any CPU
		{C6A49778-DC89-A0AD-422A-1DDA3D881CF6}.Release|Any CPU.Build.0 = Release|Any CPU
		{5B3B4E62-6690-F7CA-3ED0-197CD2AF5C70}.Debug|Any CPU.ActiveCfg = Debug|Any CPU
		{5B3B4E62-6690-F7CA-3ED0-197CD2AF5C70}.Debug|Any CPU.Build.0 = Debug|Any CPU
		{5B3B4E62-6690-F7CA-3ED0-197CD2AF5C70}.Release|Any CPU.ActiveCfg = Release|Any CPU
		{5B3B4E62-6690-F7CA-3ED0-197CD2AF5C70}.Release|Any CPU.Build.0 = Release|Any CPU
		{2FCDA447-D604-B697-541D-BCDFF5B2DCEF}.Debug|Any CPU.ActiveCfg = Debug|Any CPU
		{2FCDA447-D604-B697-541D-BCDFF5B2DCEF}.Debug|Any CPU.Build.0 = Debug|Any CPU
		{2FCDA447-D604-B697-541D-BCDFF5B2DCEF}.Release|Any CPU.ActiveCfg = Release|Any CPU
		{2FCDA447-D604-B697-541D-BCDFF5B2DCEF}.Release|Any CPU.Build.0 = Release|Any CPU
	EndGlobalSection
	GlobalSection(SolutionProperties) = preSolution
		HideSolutionNode = FALSE
	EndGlobalSection
	GlobalSection(NestedProjects) = preSolution
		{AAF51E30-F642-0B46-B113-A4EBEDEB62DC} = {02EA681E-C7D8-13C7-8484-4AC65E1B71E8}
		{2E42AE8B-D20A-2502-45BD-11700A851950} = {02EA681E-C7D8-13C7-8484-4AC65E1B71E8}
		{56AB7B1C-AC9E-8BE8-DF94-9E4BAE363618} = {02EA681E-C7D8-13C7-8484-4AC65E1B71E8}
		{4B19374B-ECC7-8B94-52E4-771732A58EBF} = {02EA681E-C7D8-13C7-8484-4AC65E1B71E8}
		{D8FAA4EF-1FFC-9950-620B-9C2881CD5A04} = {02EA681E-C7D8-13C7-8484-4AC65E1B71E8}
		{647D8914-10E0-F61D-39D2-A719FE73DF91} = {02EA681E-C7D8-13C7-8484-4AC65E1B71E8}
		{54D6A48F-56EB-D5FB-37B1-CA97056C85A9} = {02EA681E-C7D8-13C7-8484-4AC65E1B71E8}
		{68D4850D-8463-1436-AD5F-25BF8A6E1CFB} = {02EA681E-C7D8-13C7-8484-4AC65E1B71E8}
		{8AFE49F8-573B-AA1A-EB0B-103735DEDC79} = {02EA681E-C7D8-13C7-8484-4AC65E1B71E8}
		{C4A90C61-ED5A-7FF4-AE5A-908F1B086688} = {02EA681E-C7D8-13C7-8484-4AC65E1B71E8}
		{5F36DB3E-0263-9EED-D1B2-682CBBF72347} = {02EA681E-C7D8-13C7-8484-4AC65E1B71E8}
		{BFF4F047-ADF0-3D7B-414A-D678A2D0987D} = {02EA681E-C7D8-13C7-8484-4AC65E1B71E8}
		{9FB07342-6740-E89E-408A-C764CE20ACD3} = {B3A9988C-133C-4860-B916-49DA10922F6D}
		{0947250F-1C3E-8D72-32E3-871C104AE33C} = {B3A9988C-133C-4860-B916-49DA10922F6D}
		{3FCC1BD1-D117-FD58-5C69-D6FE2CDE4F6E} = {B3A9988C-133C-4860-B916-49DA10922F6D}
		{4F31B65D-47CF-49F7-B227-2E8B888D023B} = {B3A9988C-133C-4860-B916-49DA10922F6D}
		{E933DFBE-2865-3C58-2184-03140A51A5FE} = {B3A9988C-133C-4860-B916-49DA10922F6D}
		{FECA10B0-A0E1-3C5F-671B-EDFF56C517DF} = {02EA681E-C7D8-13C7-8484-4AC65E1B71E8}
	EndGlobalSection
	GlobalSection(ExtensibilityGlobals) = postSolution
		SolutionGuid = {AFD9E78C-6D1C-46C6-805A-5246AEDD1F51}
	EndGlobalSection
EndGlobal
